
Microsoft Visual Studio Solution File, Format Version 12.00
# Visual Studio 15
VisualStudioVersion = 15.0.27004.2005
MinimumVisualStudioVersion = 10.0.40219.1
Project("{FAE04EC0-301F-11D3-BF4B-00C04F79EFBC}") = "AntiqueMall", "AntiqueMall\AntiqueMall.csproj", "{3DC521E4-8C15-482F-8F97-01EC09511414}"
EndProject
Global
	GlobalSection(SolutionConfigurationPlatforms) = preSolution
		Debug|Any CPU = Debug|Any CPU
		Release|Any CPU = Release|Any CPU
	EndGlobalSection
	GlobalSection(ProjectConfigurationPlatforms) = postSolution
		{3DC521E4-8C15-482F-8F97-01EC09511414}.Debug|Any CPU.ActiveCfg = Debug|Any CPU
		{3DC521E4-8C15-482F-8F97-01EC09511414}.Debug|Any CPU.Build.0 = Debug|Any CPU
		{3DC521E4-8C15-482F-8F97-01EC09511414}.Release|Any CPU.ActiveCfg = Release|Any CPU
		{3DC521E4-8C15-482F-8F97-01EC09511414}.Release|Any CPU.Build.0 = Release|Any CPU
	EndGlobalSection
	GlobalSection(SolutionProperties) = preSolution
		HideSolutionNode = FALSE
	EndGlobalSection
	GlobalSection(ExtensibilityGlobals) = postSolution
		SolutionGuid = {354E966B-CC5C-44C6-9F62-BC50D35D0376}
	EndGlobalSection
EndGlobal
